# This file is automatically @generated by Poetry 1.6.1 and should not be changed by hand.

[[package]]
name = "apeye"
version = "1.2.0"
description = "Handy tools for working with URLs and APIs."
optional = false
python-versions = ">=3.6.1"
files = [
    {file = "apeye-1.2.0-py3-none-any.whl", hash = "sha256:d6b08c96457e4e0457088c247417fc336ebf83ab88645c508562aaeaf3077954"},
    {file = "apeye-1.2.0.tar.gz", hash = "sha256:0bb0f5b037730f149d3ab3697bc30ccccd60407cf16218d8ffa8f78462239e1e"},
]

[package.dependencies]
domdf-python-tools = ">=2.6.0"
idna = ">=2.5"
platformdirs = ">=2.3.0"
requests = ">=2.24.0"

[package.extras]
all = ["cachecontrol[filecache] (>=0.12.6)", "lockfile (>=0.12.2)"]
limiter = ["cachecontrol[filecache] (>=0.12.6)", "lockfile (>=0.12.2)"]

[[package]]
name = "apeye-core"
version = "1.0.0"
description = "Core (offline) functionality for the apeye library."
optional = false
python-versions = ">=3.6.1"
files = [
    {file = "apeye-core-1.0.0.tar.gz", hash = "sha256:88aefbd25e514a3d713ee76ae309a62d319c70b3f734543fe757dc6efbdf66f5"},
    {file = "apeye_core-1.0.0-py3-none-any.whl", hash = "sha256:11e7c51e8ebb71524d24e72e3122f7f625e31b0a759cd554ce2a6b166fceec86"},
]

[package.dependencies]
domdf-python-tools = ">=2.6.0"
idna = ">=2.5"

[[package]]
name = "attrs"
version = "21.4.0"
description = "Classes Without Boilerplate"
optional = false
python-versions = ">=2.7, !=3.0.*, !=3.1.*, !=3.2.*, !=3.3.*, !=3.4.*"
files = [
    {file = "attrs-21.4.0-py2.py3-none-any.whl", hash = "sha256:2d27e3784d7a565d36ab851fe94887c5eccd6a463168875832a1be79c82828b4"},
    {file = "attrs-21.4.0.tar.gz", hash = "sha256:626ba8234211db98e869df76230a137c4c40a12d72445c45d5f5b716f076e2fd"},
]

[package.extras]
dev = ["cloudpickle", "coverage[toml] (>=5.0.2)", "furo", "hypothesis", "mypy", "pre-commit", "pympler", "pytest (>=4.3.0)", "pytest-mypy-plugins", "six", "sphinx", "sphinx-notfound-page", "zope.interface"]
docs = ["furo", "sphinx", "sphinx-notfound-page", "zope.interface"]
tests = ["cloudpickle", "coverage[toml] (>=5.0.2)", "hypothesis", "mypy", "pympler", "pytest (>=4.3.0)", "pytest-mypy-plugins", "six", "zope.interface"]
tests-no-zope = ["cloudpickle", "coverage[toml] (>=5.0.2)", "hypothesis", "mypy", "pympler", "pytest (>=4.3.0)", "pytest-mypy-plugins", "six"]

[[package]]
name = "certifi"
version = "2023.7.22"
description = "Python package for providing Mozilla's CA Bundle."
optional = false
python-versions = ">=3.6"
files = [
    {file = "certifi-2023.7.22-py3-none-any.whl", hash = "sha256:92d6037539857d8206b8f6ae472e8b77db8058fec5937a1ef3f54304089edbb9"},
    {file = "certifi-2023.7.22.tar.gz", hash = "sha256:539cc1d13202e33ca466e88b2807e29f4c13049d6d87031a3c110744495cb082"},
]

[[package]]
name = "charset-normalizer"
version = "2.1.0"
description = "The Real First Universal Charset Detector. Open, modern and actively maintained alternative to Chardet."
optional = false
python-versions = ">=3.6.0"
files = [
    {file = "charset-normalizer-2.1.0.tar.gz", hash = "sha256:575e708016ff3a5e3681541cb9d79312c416835686d054a23accb873b254f413"},
    {file = "charset_normalizer-2.1.0-py3-none-any.whl", hash = "sha256:5189b6f22b01957427f35b6a08d9a0bc45b46d3788ef5a92e978433c7a35f8a5"},
]

[package.extras]
unicode-backport = ["unicodedata2"]

[[package]]
name = "dist-meta"
version = "0.5.0"
description = "Parse and create Python distribution metadata."
optional = false
python-versions = ">=3.6.1"
files = [
    {file = "dist-meta-0.5.0.tar.gz", hash = "sha256:8916ebf13c8cf1e3d30cf5c4ef72f3ea51d242d4cbf1b061818d40b7f4573dd9"},
    {file = "dist_meta-0.5.0-py3-none-any.whl", hash = "sha256:28f51bcc6a4c203eef0400eb67562633866229debd1c4bee124e8b02c37194e4"},
]

[package.dependencies]
domdf-python-tools = ">=3.1.0"
handy-archives = ">=0.1.0"
packaging = ">=20.9"

[[package]]
name = "dom-toml"
version = "0.6.0"
description = "Dom's tools for Tom's Obvious, Minimal Language."
optional = false
python-versions = ">=3.6.1"
files = [
    {file = "dom_toml-0.6.0-py3-none-any.whl", hash = "sha256:6e40b3d4a88db2ef5fe6b433238ca00f4f6ffe34a6de16a9f015cf9122898b20"},
    {file = "dom_toml-0.6.0.tar.gz", hash = "sha256:6f486ad979ec44814d7c6efb38d46301e100c8ad1a7f3524eca579ce48a0a6bc"},
]

[package.dependencies]
domdf-python-tools = ">=2.8.0"
toml = ">=0.10.2"

[[package]]
name = "domdf-python-tools"
version = "3.3.0"
description = "Helpful functions for Python 🐍 🛠️"
optional = false
python-versions = ">=3.6"
files = [
    {file = "domdf_python_tools-3.3.0-py3-none-any.whl", hash = "sha256:692a33cfc4bc4270a30f18b95beb8f65bf56935d122a4bdb0af7f7760452d41c"},
    {file = "domdf_python_tools-3.3.0.tar.gz", hash = "sha256:7c588cdfa3e8bfd9617efbb4fa42652b7010c0f158c81844c862fbda5d86d9cc"},
]

[package.dependencies]
importlib-metadata = {version = ">=3.6.0", markers = "python_version < \"3.9\""}
natsort = ">=7.0.1"
typing-extensions = ">=3.7.4.1"

[package.extras]
all = ["pytz (>=2019.1)"]
dates = ["pytz (>=2019.1)"]

[[package]]
name = "handy-archives"
version = "0.1.4"
description = "Some handy archive helpers for Python."
optional = false
python-versions = ">=3.6.1"
files = [
    {file = "handy-archives-0.1.4.tar.gz", hash = "sha256:c951e9a3370ce678591c797457240dbf86b77923f8c8a61a60bdb7f6c52c9110"},
    {file = "handy_archives-0.1.4-py3-none-any.whl", hash = "sha256:0c5db273e338a197e7cb00cf4f652d2c06c7a545751a791a0f33a584f2c3eaef"},
]

[package.extras]
all = ["coincidence (>=0.2.0)", "pytest (>=6.0.0)"]
testing = ["coincidence (>=0.2.0)", "pytest (>=6.0.0)"]

[[package]]
name = "idna"
version = "3.3"
description = "Internationalized Domain Names in Applications (IDNA)"
optional = false
python-versions = ">=3.5"
files = [
    {file = "idna-3.3-py3-none-any.whl", hash = "sha256:84d9dd047ffa80596e0f246e2eab0b391788b0503584e8945f2368256d2735ff"},
    {file = "idna-3.3.tar.gz", hash = "sha256:9d643ff0a55b762d5cdb124b8eaa99c66322e2157b69160bc32796e824360e6d"},
]

[[package]]
name = "importlib-metadata"
version = "4.12.0"
description = "Read metadata from Python packages"
optional = false
python-versions = ">=3.7"
files = [
    {file = "importlib_metadata-4.12.0-py3-none-any.whl", hash = "sha256:7401a975809ea1fdc658c3aa4f78cc2195a0e019c5cbc4c06122884e9ae80c23"},
    {file = "importlib_metadata-4.12.0.tar.gz", hash = "sha256:637245b8bab2b6502fcbc752cc4b7a6f6243bb02b31c5c26156ad103d3d45670"},
]

[package.dependencies]
zipp = ">=0.5"

[package.extras]
docs = ["jaraco.packaging (>=9)", "rst.linker (>=1.9)", "sphinx"]
perf = ["ipython"]
testing = ["flufl.flake8", "importlib-resources (>=1.3)", "packaging", "pyfakefs", "pytest (>=6)", "pytest-black (>=0.3.7)", "pytest-checkdocs (>=2.4)", "pytest-cov", "pytest-enabler (>=1.3)", "pytest-flake8", "pytest-mypy (>=0.9.1)", "pytest-perf (>=0.9.2)"]

[[package]]
name = "jinja2"
version = "3.1.2"
description = "A very fast and expressive template engine."
optional = false
python-versions = ">=3.7"
files = [
    {file = "Jinja2-3.1.2-py3-none-any.whl", hash = "sha256:6088930bfe239f0e6710546ab9c19c9ef35e29792895fed6e6e31a023a182a61"},
    {file = "Jinja2-3.1.2.tar.gz", hash = "sha256:31351a702a408a9e7595a8fc6150fc3f43bb6bf7e319770cbc0db9df9437e852"},
]

[package.dependencies]
MarkupSafe = ">=2.0"

[package.extras]
i18n = ["Babel (>=2.7)"]

[[package]]
name = "markupsafe"
version = "2.1.1"
description = "Safely add untrusted strings to HTML/XML markup."
optional = false
python-versions = ">=3.7"
files = [
    {file = "MarkupSafe-2.1.1-cp310-cp310-macosx_10_9_universal2.whl", hash = "sha256:86b1f75c4e7c2ac2ccdaec2b9022845dbb81880ca318bb7a0a01fbf7813e3812"},
    {file = "MarkupSafe-2.1.1-cp310-cp310-macosx_10_9_x86_64.whl", hash = "sha256:f121a1420d4e173a5d96e47e9a0c0dcff965afdf1626d28de1460815f7c4ee7a"},
    {file = "MarkupSafe-2.1.1-cp310-cp310-manylinux_2_17_aarch64.manylinux2014_aarch64.whl", hash = "sha256:a49907dd8420c5685cfa064a1335b6754b74541bbb3706c259c02ed65b644b3e"},
    {file = "MarkupSafe-2.1.1-cp310-cp310-manylinux_2_17_x86_64.manylinux2014_x86_64.whl", hash = "sha256:10c1bfff05d95783da83491be968e8fe789263689c02724e0c691933c52994f5"},
    {file = "MarkupSafe-2.1.1-cp310-cp310-manylinux_2_5_i686.manylinux1_i686.manylinux_2_17_i686.manylinux2014_i686.whl", hash = "sha256:b7bd98b796e2b6553da7225aeb61f447f80a1ca64f41d83612e6139ca5213aa4"},
    {file = "MarkupSafe-2.1.1-cp310-cp310-musllinux_1_1_aarch64.whl", hash = "sha256:b09bf97215625a311f669476f44b8b318b075847b49316d3e28c08e41a7a573f"},
    {file = "MarkupSafe-2.1.1-cp310-cp310-musllinux_1_1_i686.whl", hash = "sha256:694deca8d702d5db21ec83983ce0bb4b26a578e71fbdbd4fdcd387daa90e4d5e"},
    {file = "MarkupSafe-2.1.1-cp310-cp310-musllinux_1_1_x86_64.whl", hash = "sha256:efc1913fd2ca4f334418481c7e595c00aad186563bbc1ec76067848c7ca0a933"},
    {file = "MarkupSafe-2.1.1-cp310-cp310-win32.whl", hash = "sha256:4a33dea2b688b3190ee12bd7cfa29d39c9ed176bda40bfa11099a3ce5d3a7ac6"},
    {file = "MarkupSafe-2.1.1-cp310-cp310-win_amd64.whl", hash = "sha256:dda30ba7e87fbbb7eab1ec9f58678558fd9a6b8b853530e176eabd064da81417"},
    {file = "MarkupSafe-2.1.1-cp37-cp37m-macosx_10_9_x86_64.whl", hash = "sha256:671cd1187ed5e62818414afe79ed29da836dde67166a9fac6d435873c44fdd02"},
    {file = "MarkupSafe-2.1.1-cp37-cp37m-manylinux_2_17_aarch64.manylinux2014_aarch64.whl", hash = "sha256:3799351e2336dc91ea70b034983ee71cf2f9533cdff7c14c90ea126bfd95d65a"},
    {file = "MarkupSafe-2.1.1-cp37-cp37m-manylinux_2_17_x86_64.manylinux2014_x86_64.whl", hash = "sha256:e72591e9ecd94d7feb70c1cbd7be7b3ebea3f548870aa91e2732960fa4d57a37"},
    {file = "MarkupSafe-2.1.1-cp37-cp37m-manylinux_2_5_i686.manylinux1_i686.manylinux_2_17_i686.manylinux2014_i686.whl", hash = "sha256:6fbf47b5d3728c6aea2abb0589b5d30459e369baa772e0f37a0320185e87c980"},
    {file = "MarkupSafe-2.1.1-cp37-cp37m-musllinux_1_1_aarch64.whl", hash = "sha256:d5ee4f386140395a2c818d149221149c54849dfcfcb9f1debfe07a8b8bd63f9a"},
    {file = "MarkupSafe-2.1.1-cp37-cp37m-musllinux_1_1_i686.whl", hash = "sha256:bcb3ed405ed3222f9904899563d6fc492ff75cce56cba05e32eff40e6acbeaa3"},
    {file = "MarkupSafe-2.1.1-cp37-cp37m-musllinux_1_1_x86_64.whl", hash = "sha256:e1c0b87e09fa55a220f058d1d49d3fb8df88fbfab58558f1198e08c1e1de842a"},
    {file = "MarkupSafe-2.1.1-cp37-cp37m-win32.whl", hash = "sha256:8dc1c72a69aa7e082593c4a203dcf94ddb74bb5c8a731e4e1eb68d031e8498ff"},
    {file = "MarkupSafe-2.1.1-cp37-cp37m-win_amd64.whl", hash = "sha256:97a68e6ada378df82bc9f16b800ab77cbf4b2fada0081794318520138c088e4a"},
    {file = "MarkupSafe-2.1.1-cp38-cp38-macosx_10_9_universal2.whl", hash = "sha256:e8c843bbcda3a2f1e3c2ab25913c80a3c5376cd00c6e8c4a86a89a28c8dc5452"},
    {file = "MarkupSafe-2.1.1-cp38-cp38-macosx_10_9_x86_64.whl", hash = "sha256:0212a68688482dc52b2d45013df70d169f542b7394fc744c02a57374a4207003"},
    {file = "MarkupSafe-2.1.1-cp38-cp38-manylinux_2_17_aarch64.manylinux2014_aarch64.whl", hash = "sha256:8e576a51ad59e4bfaac456023a78f6b5e6e7651dcd383bcc3e18d06f9b55d6d1"},
    {file = "MarkupSafe-2.1.1-cp38-cp38-manylinux_2_17_x86_64.manylinux2014_x86_64.whl", hash = "sha256:4b9fe39a2ccc108a4accc2676e77da025ce383c108593d65cc909add5c3bd601"},
    {file = "MarkupSafe-2.1.1-cp38-cp38-manylinux_2_5_i686.manylinux1_i686.manylinux_2_17_i686.manylinux2014_i686.whl", hash = "sha256:96e37a3dc86e80bf81758c152fe66dbf60ed5eca3d26305edf01892257049925"},
    {file = "MarkupSafe-2.1.1-cp38-cp38-musllinux_1_1_aarch64.whl", hash = "sha256:6d0072fea50feec76a4c418096652f2c3238eaa014b2f94aeb1d56a66b41403f"},
    {file = "MarkupSafe-2.1.1-cp38-cp38-musllinux_1_1_i686.whl", hash = "sha256:089cf3dbf0cd6c100f02945abeb18484bd1ee57a079aefd52cffd17fba910b88"},
    {file = "MarkupSafe-2.1.1-cp38-cp38-musllinux_1_1_x86_64.whl", hash = "sha256:6a074d34ee7a5ce3effbc526b7083ec9731bb3cbf921bbe1d3005d4d2bdb3a63"},
    {file = "MarkupSafe-2.1.1-cp38-cp38-win32.whl", hash = "sha256:421be9fbf0ffe9ffd7a378aafebbf6f4602d564d34be190fc19a193232fd12b1"},
    {file = "MarkupSafe-2.1.1-cp38-cp38-win_amd64.whl", hash = "sha256:fc7b548b17d238737688817ab67deebb30e8073c95749d55538ed473130ec0c7"},
    {file = "MarkupSafe-2.1.1-cp39-cp39-macosx_10_9_universal2.whl", hash = "sha256:e04e26803c9c3851c931eac40c695602c6295b8d432cbe78609649ad9bd2da8a"},
    {file = "MarkupSafe-2.1.1-cp39-cp39-macosx_10_9_x86_64.whl", hash = "sha256:b87db4360013327109564f0e591bd2a3b318547bcef31b468a92ee504d07ae4f"},
    {file = "MarkupSafe-2.1.1-cp39-cp39-manylinux_2_17_aarch64.manylinux2014_aarch64.whl", hash = "sha256:99a2a507ed3ac881b975a2976d59f38c19386d128e7a9a18b7df6fff1fd4c1d6"},
    {file = "MarkupSafe-2.1.1-cp39-cp39-manylinux_2_17_x86_64.manylinux2014_x86_64.whl", hash = "sha256:56442863ed2b06d19c37f94d999035e15ee982988920e12a5b4ba29b62ad1f77"},
    {file = "MarkupSafe-2.1.1-cp39-cp39-manylinux_2_5_i686.manylinux1_i686.manylinux_2_17_i686.manylinux2014_i686.whl", hash = "sha256:3ce11ee3f23f79dbd06fb3d63e2f6af7b12db1d46932fe7bd8afa259a5996603"},
    {file = "MarkupSafe-2.1.1-cp39-cp39-musllinux_1_1_aarch64.whl", hash = "sha256:33b74d289bd2f5e527beadcaa3f401e0df0a89927c1559c8566c066fa4248ab7"},
    {file = "MarkupSafe-2.1.1-cp39-cp39-musllinux_1_1_i686.whl", hash = "sha256:43093fb83d8343aac0b1baa75516da6092f58f41200907ef92448ecab8825135"},
    {file = "MarkupSafe-2.1.1-cp39-cp39-musllinux_1_1_x86_64.whl", hash = "sha256:8e3dcf21f367459434c18e71b2a9532d96547aef8a871872a5bd69a715c15f96"},
    {file = "MarkupSafe-2.1.1-cp39-cp39-win32.whl", hash = "sha256:d4306c36ca495956b6d568d276ac11fdd9c30a36f1b6eb928070dc5360b22e1c"},
    {file = "MarkupSafe-2.1.1-cp39-cp39-win_amd64.whl", hash = "sha256:46d00d6cfecdde84d40e572d63735ef81423ad31184100411e6e3388d405e247"},
    {file = "MarkupSafe-2.1.1.tar.gz", hash = "sha256:7f91197cc9e48f989d12e4e6fbc46495c446636dfc81b9ccf50bb0ec74b91d4b"},
]

[[package]]
name = "natsort"
version = "8.1.0"
description = "Simple yet flexible natural sorting in Python."
optional = false
python-versions = ">=3.6"
files = [
    {file = "natsort-8.1.0-py3-none-any.whl", hash = "sha256:f59988d2f24e77b6b56f8a8f882d5df6b3b637e09e075abc67b486d59fba1a4b"},
    {file = "natsort-8.1.0.tar.gz", hash = "sha256:c7c1f3f27c375719a4dfcab353909fe39f26c2032a062a8c80cc844eaaca0445"},
]

[package.extras]
fast = ["fastnumbers (>=2.0.0)"]
icu = ["PyICU (>=1.0.0)"]

[[package]]
name = "packaging"
version = "21.3"
description = "Core utilities for Python packages"
optional = false
python-versions = ">=3.6"
files = [
    {file = "packaging-21.3-py3-none-any.whl", hash = "sha256:ef103e05f519cdc783ae24ea4e2e0f508a9c99b2d4969652eed6a2e1ea5bd522"},
    {file = "packaging-21.3.tar.gz", hash = "sha256:dd47c42927d89ab911e606518907cc2d3a1f38bbd026385970643f9c5b8ecfeb"},
]

[package.dependencies]
pyparsing = ">=2.0.2,<3.0.5 || >3.0.5"

[[package]]
name = "platformdirs"
version = "2.5.2"
description = "A small Python module for determining appropriate platform-specific dirs, e.g. a \"user data dir\"."
optional = false
python-versions = ">=3.7"
files = [
    {file = "platformdirs-2.5.2-py3-none-any.whl", hash = "sha256:027d8e83a2d7de06bbac4e5ef7e023c02b863d7ea5d079477e722bb41ab25788"},
    {file = "platformdirs-2.5.2.tar.gz", hash = "sha256:58c8abb07dcb441e6ee4b11d8df0ac856038f944ab98b7be6b27b2a3c7feef19"},
]

[package.extras]
docs = ["furo (>=2021.7.5b38)", "proselint (>=0.10.2)", "sphinx (>=4)", "sphinx-autodoc-typehints (>=1.12)"]
test = ["appdirs (==1.4.4)", "pytest (>=6)", "pytest-cov (>=2.7)", "pytest-mock (>=3.6)"]

[[package]]
name = "pyparsing"
version = "3.0.9"
description = "pyparsing module - Classes and methods to define and execute parsing grammars"
optional = false
python-versions = ">=3.6.8"
files = [
    {file = "pyparsing-3.0.9-py3-none-any.whl", hash = "sha256:5026bae9a10eeaefb61dab2f09052b9f4307d44aee4eda64b309723d8d206bbc"},
    {file = "pyparsing-3.0.9.tar.gz", hash = "sha256:2b020ecf7d21b687f219b71ecad3631f644a47f01403fa1d1036b0c6416d70fb"},
]

[package.extras]
diagrams = ["jinja2", "railroad-diagrams"]

[[package]]
name = "pyproject-parser"
version = "0.7.0"
description = "Parser for 'pyproject.toml'"
optional = false
python-versions = ">=3.6.1"
files = [
    {file = "pyproject-parser-0.7.0.tar.gz", hash = "sha256:78a8716965783486620efb0b2cc43fba7ac8eb3e71c953233faf82e75259ff73"},
    {file = "pyproject_parser-0.7.0-py3-none-any.whl", hash = "sha256:a0aac7930f5429737b44f2bd7825980a46f312c7352e2a7a99d7196721665c2c"},
]

[package.dependencies]
apeye-core = ">=1.0.0"
attrs = ">=20.3.0"
dom-toml = ">=0.4.0"
domdf-python-tools = ">=2.8.0"
natsort = ">=7.1.1"
packaging = ">=20.9"
shippinglabel = ">=1.0.0"
toml = ">=0.10.2"
typing-extensions = ">=3.7.4.3"

[package.extras]
all = ["click (>=7.1.2)", "consolekit (>=1.4.1)", "docutils (==0.16)", "readme-renderer[md] (>=27.0)", "sdjson (>=0.3.1)"]
cli = ["click (>=7.1.2)", "consolekit (>=1.4.1)", "sdjson (>=0.3.1)"]
readme = ["docutils (==0.16)", "readme-renderer[md] (>=27.0)"]

[[package]]
name = "readme-patcher"
version = "0.6.0"
description = "Generate README files from templates. Allow input from functions calls and cli output."
optional = false
python-versions = ">=3.8,<4.0"
files = [
    {file = "readme_patcher-0.6.0-py3-none-any.whl", hash = "sha256:d20ae129925bd1656a7dda87ddc29a6ee686d642e11e2bca52877159d84c6c8f"},
    {file = "readme_patcher-0.6.0.tar.gz", hash = "sha256:a7d3e5e0b198a00c8c1822389b28fd3557249fba476719e0726436f628611cf3"},
]

[package.dependencies]
Jinja2 = ">=3.1.2,<4.0.0"
pyproject-parser = ">=0.7.0,<0.8.0"
requests = ">=2,<3"
types-requests = ">=2.28.2,<3.0.0"

[[package]]
name = "requests"
version = "2.31.0"
description = "Python HTTP for Humans."
optional = false
python-versions = ">=3.7"
files = [
    {file = "requests-2.31.0-py3-none-any.whl", hash = "sha256:58cd2187c01e70e6e26505bca751777aa9f2ee0b7f4300988b709f44e013003f"},
    {file = "requests-2.31.0.tar.gz", hash = "sha256:942c5a758f98d790eaed1a29cb6eefc7ffb0d1cf7af05c3d2791656dbd6ad1e1"},
]

[package.dependencies]
certifi = ">=2017.4.17"
charset-normalizer = ">=2,<4"
idna = ">=2.5,<4"
urllib3 = ">=1.21.1,<3"

[package.extras]
socks = ["PySocks (>=1.5.6,!=1.5.7)"]
use-chardet-on-py3 = ["chardet (>=3.0.2,<6)"]

[[package]]
name = "shippinglabel"
version = "1.3.1"
description = "Utilities for handling packages."
optional = false
python-versions = ">=3.6.1"
files = [
    {file = "shippinglabel-1.3.1-py3-none-any.whl", hash = "sha256:9f385f428436464ee6a52278f4c94083d8542f04aeb5393f80e2a44666e17356"},
    {file = "shippinglabel-1.3.1.tar.gz", hash = "sha256:e3669174938d0aa56481b56b1836c493e5139099bc0f3daf7ce08148e50556d5"},
]

[package.dependencies]
apeye = ">=1.0.0"
dist-meta = ">=0.1.2"
dom-toml = ">=0.2.2"
domdf-python-tools = ">=3.1.0"
packaging = ">=20.9"
platformdirs = ">=2.3.0"
typing-extensions = ">=3.7.4.3"

[[package]]
name = "stdout-stderr-capturing"
version = "0.2.0"
description = "Capture the stdout or stderr output as a list in a context manager block (with)."
optional = false
python-versions = ">=3.8,<4.0"
files = [
    {file = "stdout_stderr_capturing-0.2.0-py3-none-any.whl", hash = "sha256:a730cf85703e97a8945b2726fbb8a6aa91bb82c9c14c35612bf8ff89ac6c1fe8"},
    {file = "stdout_stderr_capturing-0.2.0.tar.gz", hash = "sha256:3af33b8136b90f70bf13129ae5a565c7d6da4a18704e7e1c0d9284af17620f92"},
]

[[package]]
name = "termcolor"
version = "1.1.0"
description = "ANSII Color formatting for output in terminal."
optional = false
python-versions = "*"
files = [
    {file = "termcolor-1.1.0.tar.gz", hash = "sha256:1d6d69ce66211143803fbc56652b41d73b4a400a2891d7bf7a1cdf4c02de613b"},
]

[[package]]
name = "toml"
version = "0.10.2"
description = "Python Library for Tom's Obvious, Minimal Language"
optional = false
python-versions = ">=2.6, !=3.0.*, !=3.1.*, !=3.2.*"
files = [
    {file = "toml-0.10.2-py2.py3-none-any.whl", hash = "sha256:806143ae5bfb6a3c6e736a764057db0e6a0e05e338b5630894a5f779cabb4f9b"},
    {file = "toml-0.10.2.tar.gz", hash = "sha256:b3bda1d108d5dd99f4a20d24d9c348e91c4db7ab1b749200bded2f839ccbe68f"},
]

[[package]]
name = "types-requests"
version = "2.28.3"
description = "Typing stubs for requests"
optional = false
python-versions = "*"
files = [
    {file = "types-requests-2.28.3.tar.gz", hash = "sha256:fb9ea69311766967f9e91861211ec7449f6484025b766ea709689c0dbb29d7ba"},
    {file = "types_requests-2.28.3-py3-none-any.whl", hash = "sha256:66f0e427708588d4dac2f365a0b2c1ad8f31780429fd8ad193fec93139b22112"},
]

[package.dependencies]
types-urllib3 = "<1.27"

[[package]]
name = "types-termcolor"
version = "1.1.5"
description = "Typing stubs for termcolor"
optional = false
python-versions = "*"
files = [
    {file = "types-termcolor-1.1.5.tar.gz", hash = "sha256:dd10b878548dbd72885f72c1c45d42a45172634f7c8d0284559238785604e068"},
    {file = "types_termcolor-1.1.5-py3-none-any.whl", hash = "sha256:3dc714e884a98b6a8c4c6af22ee99e1b53d2e595a22e0933b2dc9cc32b8b8c58"},
]

[[package]]
name = "types-urllib3"
version = "1.26.16"
description = "Typing stubs for urllib3"
optional = false
python-versions = "*"
files = [
    {file = "types-urllib3-1.26.16.tar.gz", hash = "sha256:8bb3832c684c30cbed40b96e28bc04703becb2b97d82ac65ba4b968783453b0e"},
    {file = "types_urllib3-1.26.16-py3-none-any.whl", hash = "sha256:20588c285e5ca336d908d2705994830a83cfb6bda40fc356bbafaf430a262013"},
]

[[package]]
name = "typing-extensions"
version = "4.3.0"
description = "Backported and Experimental Type Hints for Python 3.7+"
optional = false
python-versions = ">=3.7"
files = [
    {file = "typing_extensions-4.3.0-py3-none-any.whl", hash = "sha256:25642c956049920a5aa49edcdd6ab1e06d7e5d467fc00e0506c44ac86fbfca02"},
    {file = "typing_extensions-4.3.0.tar.gz", hash = "sha256:e6d2677a32f47fc7eb2795db1dd15c1f34eff616bcaf2cfb5e997f854fa1c4a6"},
]

[[package]]
name = "urllib3"
version = "1.26.17"
description = "HTTP library with thread-safe connection pooling, file post, and more."
optional = false
python-versions = ">=2.7, !=3.0.*, !=3.1.*, !=3.2.*, !=3.3.*, !=3.4.*, !=3.5.*"
files = [
    {file = "urllib3-1.26.17-py2.py3-none-any.whl", hash = "sha256:94a757d178c9be92ef5539b8840d48dc9cf1b2709c9d6b588232a055c524458b"},
    {file = "urllib3-1.26.17.tar.gz", hash = "sha256:24d6a242c28d29af46c3fae832c36db3bbebcc533dd1bb549172cd739c82df21"},
]

[package.extras]
brotli = ["brotli (==1.0.9)", "brotli (>=1.0.9)", "brotlicffi (>=0.8.0)", "brotlipy (>=0.6.0)"]
secure = ["certifi", "cryptography (>=1.3.4)", "idna (>=2.0.0)", "ipaddress", "pyOpenSSL (>=0.14)", "urllib3-secure-extra"]
socks = ["PySocks (>=1.5.6,!=1.5.7,<2.0)"]

[[package]]
name = "zipp"
version = "3.8.1"
description = "Backport of pathlib-compatible object wrapper for zip files"
optional = false
python-versions = ">=3.7"
files = [
    {file = "zipp-3.8.1-py3-none-any.whl", hash = "sha256:47c40d7fe183a6f21403a199b3e4192cca5774656965b0a4988ad2f8feb5f009"},
    {file = "zipp-3.8.1.tar.gz", hash = "sha256:05b45f1ee8f807d0cc928485ca40a07cb491cf092ff587c0df9cb1fd154848d2"},
]

[package.extras]
docs = ["jaraco.packaging (>=9)", "jaraco.tidelift (>=1.4)", "rst.linker (>=1.9)", "sphinx"]
testing = ["func-timeout", "jaraco.itertools", "pytest (>=6)", "pytest-black (>=0.3.7)", "pytest-checkdocs (>=2.4)", "pytest-cov", "pytest-enabler (>=1.3)", "pytest-flake8", "pytest-mypy (>=0.9.1)"]

[metadata]
lock-version = "2.0"
python-versions = "^3.8"
content-hash = "5a735d4bbfb72186f43e9b6e456495b7f203b7e5eef14f18af71d22b1a13fc73"
